
Microsoft Visual Studio Solution File, Format Version 12.00
# Visual Studio 15
VisualStudioVersion = 15.0.27130.2027
MinimumVisualStudioVersion = 10.0.40219.1
Project("{FAE04EC0-301F-11D3-BF4B-00C04F79EFBC}") = "CLIGraphPlotter", "CLIGraphPlotter\CLIGraphPlotter.csproj", "{3AD16B1A-6144-4E8B-84AF-4276C9FB96BB}"
EndProject
Global
	GlobalSection(SolutionConfigurationPlatforms) = preSolution
		Debug|Any CPU = Debug|Any CPU
		Release|Any CPU = Release|Any CPU
	EndGlobalSection
	GlobalSection(ProjectConfigurationPlatforms) = postSolution
		{3AD16B1A-6144-4E8B-84AF-4276C9FB96BB}.Debug|Any CPU.ActiveCfg = Debug|Any CPU
		{3AD16B1A-6144-4E8B-84AF-4276C9FB96BB}.Debug|Any CPU.Build.0 = Debug|Any CPU
		{3AD16B1A-6144-4E8B-84AF-4276C9FB96BB}.Release|Any CPU.ActiveCfg = Release|Any CPU
		{3AD16B1A-6144-4E8B-84AF-4276C9FB96BB}.Release|Any CPU.Build.0 = Release|Any CPU
	EndGlobalSection
	GlobalSection(SolutionProperties) = preSolution
		HideSolutionNode = FALSE
	EndGlobalSection
	GlobalSection(ExtensibilityGlobals) = postSolution
		SolutionGuid = {932EBF0F-8C2A-4A8C-8E09-821DB60B5850}
	EndGlobalSection
EndGlobal
